// !$*UTF8*$!
{
	archiveVersion = 1;
	classes = {
	};
	objectVersion = 46;
	objects = {

/* Begin PBXBuildFile section */
		451579BE1711471F00BC08AA /* AbbrevTableViewDelegate.m in Sources */ = {isa = PBXBuildFile; fileRef = 451579BD1711471F00BC08AA /* AbbrevTableViewDelegate.m */; };
		451579C11711564500BC08AA /* HandyTableView.m in Sources */ = {isa = PBXBuildFile; fileRef = 451579C01711564500BC08AA /* HandyTableView.m */; };
		4525340F1724A5BB00E6D805 /* TransTextDocument.xib in Resources */ = {isa = PBXBuildFile; fileRef = 4525340D1724A5BB00E6D805 /* TransTextDocument.xib */; };
		453833C41710D807005C1637 /* AbbrevParser.m in Sources */ = {isa = PBXBuildFile; fileRef = 453833C31710D807005C1637 /* AbbrevParser.m */; };
		453833C71710D841005C1637 /* AbbrevResolverImpl.m in Sources */ = {isa = PBXBuildFile; fileRef = 453833C61710D841005C1637 /* AbbrevResolverImpl.m */; };
		455BE3961711F89A00DCAF5F /* AbbrevBase.m in Sources */ = {isa = PBXBuildFile; fileRef = 455BE3951711F89A00DCAF5F /* AbbrevBase.m */; };
		455BE3991711F8C700DCAF5F /* AbbrevEntry.m in Sources */ = {isa = PBXBuildFile; fileRef = 455BE3981711F8C700DCAF5F /* AbbrevEntry.m */; };
		455BE3A01711FDB100DCAF5F /* AbbrevListDocument.m in Sources */ = {isa = PBXBuildFile; fileRef = 455BE39E1711FDB000DCAF5F /* AbbrevListDocument.m */; };
		455BE3DB1712467C00DCAF5F /* AbbrevListDocument.xib in Resources */ = {isa = PBXBuildFile; fileRef = 455BE3BC1712467C00DCAF5F /* AbbrevListDocument.xib */; };
		455BE3DD1712467C00DCAF5F /* Credits.rtf in Resources */ = {isa = PBXBuildFile; fileRef = 455BE3BF1712467C00DCAF5F /* Credits.rtf */; };
		455BE3DE1712467C00DCAF5F /* InfoPlist.strings in Resources */ = {isa = PBXBuildFile; fileRef = 455BE3C11712467C00DCAF5F /* InfoPlist.strings */; };
		455BE40817124D5400DCAF5F /* Menus.xib in Resources */ = {isa = PBXBuildFile; fileRef = 455BE40617124D5400DCAF5F /* Menus.xib */; };
		455BE40B171259DB00DCAF5F /* AppDelegate.m in Sources */ = {isa = PBXBuildFile; fileRef = 455BE40A171259DB00DCAF5F /* AppDelegate.m */; };
		4560D3E0172E066E002BCDA6 /* NonKeyboardingAVPlayerView.m in Sources */ = {isa = PBXBuildFile; fileRef = 4560D3DF172E066E002BCDA6 /* NonKeyboardingAVPlayerView.m */; };
		457BFB041EA6816D00E24526 /* AbbrevBase.swift in Sources */ = {isa = PBXBuildFile; fileRef = 457BFB031EA6816D00E24526 /* AbbrevBase.swift */; };
		457BFB061EA681EC00E24526 /* AbbrevEntry.swift in Sources */ = {isa = PBXBuildFile; fileRef = 457BFB051EA681EC00E24526 /* AbbrevEntry.swift */; };
		457BFB081EA699AD00E24526 /* AVKit.framework in Frameworks */ = {isa = PBXBuildFile; fileRef = 457BFB071EA699AD00E24526 /* AVKit.framework */; };
		4591D48817232EC200BC713B /* DisclosureView.m in Sources */ = {isa = PBXBuildFile; fileRef = 4591D48717232EC200BC713B /* DisclosureView.m */; };
		4591D48C172345D100BC713B /* MediaController.m in Sources */ = {isa = PBXBuildFile; fileRef = 4591D48B172345D100BC713B /* MediaController.m */; };
		4591D48F1723482100BC713B /* MediaDrawerView.xib in Resources */ = {isa = PBXBuildFile; fileRef = 4591D48D1723482100BC713B /* MediaDrawerView.xib */; };
		4591D49B17246DF700BC713B /* AbbrevsController.m in Sources */ = {isa = PBXBuildFile; fileRef = 4591D49A17246DF700BC713B /* AbbrevsController.m */; };
		4591D49E17246EB100BC713B /* AbbrevDrawerView.xib in Resources */ = {isa = PBXBuildFile; fileRef = 4591D49C17246EB100BC713B /* AbbrevDrawerView.xib */; };
		459A3DE2171B46BB00EC447A /* StackingView.m in Sources */ = {isa = PBXBuildFile; fileRef = 459A3DE0171B46AD00EC447A /* StackingView.m */; };
		45E95DC9171B4DBD008FEEE4 /* LICENSE in Resources */ = {isa = PBXBuildFile; fileRef = 45E95DC8171B4DBD008FEEE4 /* LICENSE */; };
		45E95DE4171B65B5008FEEE4 /* TransTextWindowController.m in Sources */ = {isa = PBXBuildFile; fileRef = 45E95DE3171B65B5008FEEE4 /* TransTextWindowController.m */; };
		45FD2E8E1719E1D400D0204F /* AbbrevListView.xib in Resources */ = {isa = PBXBuildFile; fileRef = 45FD2E8C1719E1D400D0204F /* AbbrevListView.xib */; };
		45FD2E95171A1F6700D0204F /* Localizable.strings in Resources */ = {isa = PBXBuildFile; fileRef = 45FD2E93171A1F6700D0204F /* Localizable.strings */; };
		633A4FD30E4F0E0400B4D45A /* Carbon.framework in Frameworks */ = {isa = PBXBuildFile; fileRef = 633A4FD20E4F0E0400B4D45A /* Carbon.framework */; };
		633A4FD50E4F0E1700B4D45A /* CoreServices.framework in Frameworks */ = {isa = PBXBuildFile; fileRef = 633A4FD40E4F0E1700B4D45A /* CoreServices.framework */; };
		636620B60E3BF419001D4B0F /* Quartz.framework in Frameworks */ = {isa = PBXBuildFile; fileRef = 636620B50E3BF419001D4B0F /* Quartz.framework */; };
		636620B80E3BF426001D4B0F /* QuartzCore.framework in Frameworks */ = {isa = PBXBuildFile; fileRef = 636620B70E3BF426001D4B0F /* QuartzCore.framework */; };
		63C8682C0DDA097500DC3670 /* TransTextDocument.m in Sources */ = {isa = PBXBuildFile; fileRef = 63C8682B0DDA097500DC3670 /* TransTextDocument.m */; };
		63C8682F0DDA097B00DC3670 /* AbbrevArrayController.m in Sources */ = {isa = PBXBuildFile; fileRef = 63C8682E0DDA097B00DC3670 /* AbbrevArrayController.m */; };
		63C868320DDA098500DC3670 /* TransTextView.m in Sources */ = {isa = PBXBuildFile; fileRef = 63C868310DDA098500DC3670 /* TransTextView.m */; };
		8D15AC320486D014006FF6A4 /* main.m in Sources */ = {isa = PBXBuildFile; fileRef = 2A37F4B0FDCFA73011CA2CEA /* main.m */; settings = {ATTRIBUTES = (); }; };
		8D15AC340486D014006FF6A4 /* Cocoa.framework in Frameworks */ = {isa = PBXBuildFile; fileRef = 1058C7A7FEA54F5311CA2CBB /* Cocoa.framework */; };
/* End PBXBuildFile section */

/* Begin PBXCopyFilesBuildPhase section */
		633427C30DEC4B2D006B3188 /* CopyFiles */ = {
			isa = PBXCopyFilesBuildPhase;
			buildActionMask = 2147483647;
			dstPath = "";
			dstSubfolderSpec = 10;
			files = (
			);
			runOnlyForDeploymentPostprocessing = 0;
		};
/* End PBXCopyFilesBuildPhase section */

/* Begin PBXFileReference section */
		1058C7A7FEA54F5311CA2CBB /* Cocoa.framework */ = {isa = PBXFileReference; lastKnownFileType = wrapper.framework; name = Cocoa.framework; path = /System/Library/Frameworks/Cocoa.framework; sourceTree = "<absolute>"; };
		2A37F4B0FDCFA73011CA2CEA /* main.m */ = {isa = PBXFileReference; fileEncoding = 4; lastKnownFileType = sourcecode.c.objc; path = main.m; sourceTree = "<group>"; };
		2A37F4C4FDCFA73011CA2CEA /* AppKit.framework */ = {isa = PBXFileReference; lastKnownFileType = wrapper.framework; name = AppKit.framework; path = /System/Library/Frameworks/AppKit.framework; sourceTree = "<absolute>"; };
		2A37F4C5FDCFA73011CA2CEA /* Foundation.framework */ = {isa = PBXFileReference; lastKnownFileType = wrapper.framework; name = Foundation.framework; path = /System/Library/Frameworks/Foundation.framework; sourceTree = "<absolute>"; };
		32DBCF750370BD2300C91783 /* Transcribbler_Prefix.pch */ = {isa = PBXFileReference; fileEncoding = 4; lastKnownFileType = sourcecode.c.h; path = Transcribbler_Prefix.pch; sourceTree = "<group>"; };
		451579BB171129A900BC08AA /* AbbrevResolverImpl.h */ = {isa = PBXFileReference; fileEncoding = 4; lastKnownFileType = sourcecode.c.h; path = AbbrevResolverImpl.h; sourceTree = "<group>"; };
		451579BC1711471F00BC08AA /* AbbrevTableViewDelegate.h */ = {isa = PBXFileReference; fileEncoding = 4; lastKnownFileType = sourcecode.c.h; name = AbbrevTableViewDelegate.h; path = Source/Views/AbbrevTableViewDelegate.h; sourceTree = "<group>"; };
		451579BD1711471F00BC08AA /* AbbrevTableViewDelegate.m */ = {isa = PBXFileReference; fileEncoding = 4; lastKnownFileType = sourcecode.c.objc; name = AbbrevTableViewDelegate.m; path = Source/Views/AbbrevTableViewDelegate.m; sourceTree = "<group>"; };
		451579BF1711564500BC08AA /* HandyTableView.h */ = {isa = PBXFileReference; fileEncoding = 4; lastKnownFileType = sourcecode.c.h; name = HandyTableView.h; path = Source/Views/HandyTableView.h; sourceTree = "<group>"; };
		451579C01711564500BC08AA /* HandyTableView.m */ = {isa = PBXFileReference; fileEncoding = 4; lastKnownFileType = sourcecode.c.objc; name = HandyTableView.m; path = Source/Views/HandyTableView.m; sourceTree = "<group>"; };
		4525340E1724A5BB00E6D805 /* English */ = {isa = PBXFileReference; lastKnownFileType = file.xib; name = English; path = TransTextDocument.xib; sourceTree = "<group>"; };
		453833C21710D807005C1637 /* AbbrevParser.h */ = {isa = PBXFileReference; fileEncoding = 4; lastKnownFileType = sourcecode.c.h; path = AbbrevParser.h; sourceTree = "<group>"; };
		453833C31710D807005C1637 /* AbbrevParser.m */ = {isa = PBXFileReference; fileEncoding = 4; lastKnownFileType = sourcecode.c.objc; path = AbbrevParser.m; sourceTree = "<group>"; };
		453833C51710D841005C1637 /* AbbrevResolver.h */ = {isa = PBXFileReference; fileEncoding = 4; lastKnownFileType = sourcecode.c.h; path = AbbrevResolver.h; sourceTree = "<group>"; };
		453833C61710D841005C1637 /* AbbrevResolverImpl.m */ = {isa = PBXFileReference; fileEncoding = 4; lastKnownFileType = sourcecode.c.objc; path = AbbrevResolverImpl.m; sourceTree = "<group>"; };
		455BE3941711F89A00DCAF5F /* AbbrevBase.h */ = {isa = PBXFileReference; fileEncoding = 4; lastKnownFileType = sourcecode.c.h; path = AbbrevBase.h; sourceTree = "<group>"; };
		455BE3951711F89A00DCAF5F /* AbbrevBase.m */ = {isa = PBXFileReference; fileEncoding = 4; lastKnownFileType = sourcecode.c.objc; path = AbbrevBase.m; sourceTree = "<group>"; };
		455BE3971711F8C700DCAF5F /* AbbrevEntry.h */ = {isa = PBXFileReference; fileEncoding = 4; lastKnownFileType = sourcecode.c.h; path = AbbrevEntry.h; sourceTree = "<group>"; };
		455BE3981711F8C700DCAF5F /* AbbrevEntry.m */ = {isa = PBXFileReference; fileEncoding = 4; lastKnownFileType = sourcecode.c.objc; path = AbbrevEntry.m; sourceTree = "<group>"; };
		455BE39D1711FDB000DCAF5F /* AbbrevListDocument.h */ = {isa = PBXFileReference; fileEncoding = 4; lastKnownFileType = sourcecode.c.h; path = AbbrevListDocument.h; sourceTree = "<group>"; };
		455BE39E1711FDB000DCAF5F /* AbbrevListDocument.m */ = {isa = PBXFileReference; fileEncoding = 4; lastKnownFileType = sourcecode.c.objc; path = AbbrevListDocument.m; sourceTree = "<group>"; };
		455BE3BC1712467C00DCAF5F /* AbbrevListDocument.xib */ = {isa = PBXFileReference; fileEncoding = 4; lastKnownFileType = file.xib; path = AbbrevListDocument.xib; sourceTree = "<group>"; };
		455BE3C01712467C00DCAF5F /* English */ = {isa = PBXFileReference; lastKnownFileType = text.rtf; name = English; path = Credits.rtf; sourceTree = "<group>"; };
		455BE3C21712467C00DCAF5F /* English */ = {isa = PBXFileReference; fileEncoding = 4; lastKnownFileType = text.plist.strings; name = English; path = InfoPlist.strings; sourceTree = "<group>"; };
		455BE3C71712467C00DCAF5F /* Info.plist */ = {isa = PBXFileReference; fileEncoding = 4; lastKnownFileType = text.plist.xml; path = Info.plist; sourceTree = "<group>"; };
		455BE40717124D5400DCAF5F /* English */ = {isa = PBXFileReference; lastKnownFileType = file.xib; name = English; path = Menus.xib; sourceTree = "<group>"; };
		455BE409171259DB00DCAF5F /* AppDelegate.h */ = {isa = PBXFileReference; fileEncoding = 4; lastKnownFileType = sourcecode.c.h; path = AppDelegate.h; sourceTree = "<group>"; };
		455BE40A171259DB00DCAF5F /* AppDelegate.m */ = {isa = PBXFileReference; fileEncoding = 4; lastKnownFileType = sourcecode.c.objc; path = AppDelegate.m; sourceTree = "<group>"; };
		4560D3DE172E066E002BCDA6 /* NonKeyboardingAVPlayerView.h */ = {isa = PBXFileReference; fileEncoding = 4; lastKnownFileType = sourcecode.c.h; name = NonKeyboardingAVPlayerView.h; path = Source/Views/NonKeyboardingAVPlayerView.h; sourceTree = "<group>"; };
		4560D3DF172E066E002BCDA6 /* NonKeyboardingAVPlayerView.m */ = {isa = PBXFileReference; fileEncoding = 4; lastKnownFileType = sourcecode.c.objc; name = NonKeyboardingAVPlayerView.m; path = Source/Views/NonKeyboardingAVPlayerView.m; sourceTree = "<group>"; };
		457BFB021EA6816D00E24526 /* Transcribbler-Bridging-Header.h */ = {isa = PBXFileReference; lastKnownFileType = sourcecode.c.h; name = "Transcribbler-Bridging-Header.h"; path = "Source/Model/Transcribbler-Bridging-Header.h"; sourceTree = "<group>"; };
		457BFB031EA6816D00E24526 /* AbbrevBase.swift */ = {isa = PBXFileReference; fileEncoding = 4; lastKnownFileType = sourcecode.swift; path = AbbrevBase.swift; sourceTree = "<group>"; };
		457BFB051EA681EC00E24526 /* AbbrevEntry.swift */ = {isa = PBXFileReference; fileEncoding = 4; lastKnownFileType = sourcecode.swift; path = AbbrevEntry.swift; sourceTree = "<group>"; };
		457BFB071EA699AD00E24526 /* AVKit.framework */ = {isa = PBXFileReference; lastKnownFileType = wrapper.framework; name = AVKit.framework; path = System/Library/Frameworks/AVKit.framework; sourceTree = SDKROOT; };
		4591D48617232EC200BC713B /* DisclosureView.h */ = {isa = PBXFileReference; fileEncoding = 4; lastKnownFileType = sourcecode.c.h; name = DisclosureView.h; path = Source/Views/DisclosureView.h; sourceTree = "<group>"; };
		4591D48717232EC200BC713B /* DisclosureView.m */ = {isa = PBXFileReference; fileEncoding = 4; lastKnownFileType = sourcecode.c.objc; name = DisclosureView.m; path = Source/Views/DisclosureView.m; sourceTree = "<group>"; };
		4591D48A172345D100BC713B /* MediaController.h */ = {isa = PBXFileReference; fileEncoding = 4; lastKnownFileType = sourcecode.c.h; path = MediaController.h; sourceTree = "<group>"; };
		4591D48B172345D100BC713B /* MediaController.m */ = {isa = PBXFileReference; fileEncoding = 4; lastKnownFileType = sourcecode.c.objc; path = MediaController.m; sourceTree = "<group>"; };
		4591D48E1723482100BC713B /* English */ = {isa = PBXFileReference; lastKnownFileType = file.xib; name = English; path = MediaDrawerView.xib; sourceTree = "<group>"; };
		4591D4901723834600BC713B /* ViewSizeLimits.h */ = {isa = PBXFileReference; lastKnownFileType = sourcecode.c.h; name = ViewSizeLimits.h; path = Source/Views/ViewSizeLimits.h; sourceTree = "<group>"; };
		4591D49917246DF700BC713B /* AbbrevsController.h */ = {isa = PBXFileReference; fileEncoding = 4; lastKnownFileType = sourcecode.c.h; path = AbbrevsController.h; sourceTree = "<group>"; };
		4591D49A17246DF700BC713B /* AbbrevsController.m */ = {isa = PBXFileReference; fileEncoding = 4; lastKnownFileType = sourcecode.c.objc; path = AbbrevsController.m; sourceTree = "<group>"; };
		4591D49D17246EB100BC713B /* English */ = {isa = PBXFileReference; lastKnownFileType = file.xib; name = English; path = AbbrevDrawerView.xib; sourceTree = "<group>"; };
		459A3DDF171B46AD00EC447A /* StackingView.h */ = {isa = PBXFileReference; lastKnownFileType = sourcecode.c.h; name = StackingView.h; path = Source/Views/StackingView.h; sourceTree = "<group>"; };
		459A3DE0171B46AD00EC447A /* StackingView.m */ = {isa = PBXFileReference; lastKnownFileType = sourcecode.c.objc; name = StackingView.m; path = Source/Views/StackingView.m; sourceTree = "<group>"; };
		45E95DC8171B4DBD008FEEE4 /* LICENSE */ = {isa = PBXFileReference; fileEncoding = 4; lastKnownFileType = text; path = LICENSE; sourceTree = "<group>"; };
		45E95DE2171B65B5008FEEE4 /* TransTextWindowController.h */ = {isa = PBXFileReference; fileEncoding = 4; lastKnownFileType = sourcecode.c.h; path = TransTextWindowController.h; sourceTree = "<group>"; };
		45E95DE3171B65B5008FEEE4 /* TransTextWindowController.m */ = {isa = PBXFileReference; fileEncoding = 4; lastKnownFileType = sourcecode.c.objc; path = TransTextWindowController.m; sourceTree = "<group>"; };
		45FD2E8D1719E1D400D0204F /* English */ = {isa = PBXFileReference; lastKnownFileType = file.xib; name = English; path = AbbrevListView.xib; sourceTree = "<group>"; };
		45FD2E94171A1F6700D0204F /* English */ = {isa = PBXFileReference; lastKnownFileType = text.plist.strings; name = English; path = Localizable.strings; sourceTree = "<group>"; };
		633A4FD20E4F0E0400B4D45A /* Carbon.framework */ = {isa = PBXFileReference; lastKnownFileType = wrapper.framework; name = Carbon.framework; path = /System/Library/Frameworks/Carbon.framework; sourceTree = "<absolute>"; };
		633A4FD40E4F0E1700B4D45A /* CoreServices.framework */ = {isa = PBXFileReference; lastKnownFileType = wrapper.framework; name = CoreServices.framework; path = /System/Library/Frameworks/CoreServices.framework; sourceTree = "<absolute>"; };
		636620B50E3BF419001D4B0F /* Quartz.framework */ = {isa = PBXFileReference; lastKnownFileType = wrapper.framework; name = Quartz.framework; path = /System/Library/Frameworks/Quartz.framework; sourceTree = "<absolute>"; };
		636620B70E3BF426001D4B0F /* QuartzCore.framework */ = {isa = PBXFileReference; lastKnownFileType = wrapper.framework; name = QuartzCore.framework; path = /System/Library/Frameworks/QuartzCore.framework; sourceTree = "<absolute>"; };
		63C8682A0DDA097500DC3670 /* TransTextDocument.h */ = {isa = PBXFileReference; fileEncoding = 4; lastKnownFileType = sourcecode.c.h; path = TransTextDocument.h; sourceTree = "<group>"; };
		63C8682B0DDA097500DC3670 /* TransTextDocument.m */ = {isa = PBXFileReference; fileEncoding = 4; lastKnownFileType = sourcecode.c.objc; path = TransTextDocument.m; sourceTree = "<group>"; };
		63C8682D0DDA097B00DC3670 /* AbbrevArrayController.h */ = {isa = PBXFileReference; fileEncoding = 4; lastKnownFileType = sourcecode.c.h; path = AbbrevArrayController.h; sourceTree = "<group>"; };
		63C8682E0DDA097B00DC3670 /* AbbrevArrayController.m */ = {isa = PBXFileReference; fileEncoding = 4; lastKnownFileType = sourcecode.c.objc; path = AbbrevArrayController.m; sourceTree = "<group>"; };
		63C868300DDA098500DC3670 /* TransTextView.h */ = {isa = PBXFileReference; fileEncoding = 4; lastKnownFileType = sourcecode.c.h; name = TransTextView.h; path = Source/Views/TransTextView.h; sourceTree = "<group>"; };
		63C868310DDA098500DC3670 /* TransTextView.m */ = {isa = PBXFileReference; fileEncoding = 4; lastKnownFileType = sourcecode.c.objc; name = TransTextView.m; path = Source/Views/TransTextView.m; sourceTree = "<group>"; };
		63C8684D0DDA0A5300DC3670 /* QTKit.framework */ = {isa = PBXFileReference; lastKnownFileType = wrapper.framework; name = QTKit.framework; path = /System/Library/Frameworks/QTKit.framework; sourceTree = "<absolute>"; };
		8D15AC370486D014006FF6A4 /* Transcribbler.app */ = {isa = PBXFileReference; explicitFileType = wrapper.application; includeInIndex = 0; path = Transcribbler.app; sourceTree = BUILT_PRODUCTS_DIR; };
/* End PBXFileReference section */

/* Begin PBXFrameworksBuildPhase section */
		8D15AC330486D014006FF6A4 /* Frameworks */ = {
			isa = PBXFrameworksBuildPhase;
			buildActionMask = 2147483647;
			files = (
				457BFB081EA699AD00E24526 /* AVKit.framework in Frameworks */,
				8D15AC340486D014006FF6A4 /* Cocoa.framework in Frameworks */,
				636620B60E3BF419001D4B0F /* Quartz.framework in Frameworks */,
				636620B80E3BF426001D4B0F /* QuartzCore.framework in Frameworks */,
				633A4FD30E4F0E0400B4D45A /* Carbon.framework in Frameworks */,
				633A4FD50E4F0E1700B4D45A /* CoreServices.framework in Frameworks */,
			);
			runOnlyForDeploymentPostprocessing = 0;
		};
/* End PBXFrameworksBuildPhase section */

/* Begin PBXGroup section */
		1058C7A6FEA54F5311CA2CBB /* Linked Frameworks */ = {
			isa = PBXGroup;
			children = (
				633A4FD40E4F0E1700B4D45A /* CoreServices.framework */,
				633A4FD20E4F0E0400B4D45A /* Carbon.framework */,
				636620B70E3BF426001D4B0F /* QuartzCore.framework */,
				636620B50E3BF419001D4B0F /* Quartz.framework */,
				63C8684D0DDA0A5300DC3670 /* QTKit.framework */,
				1058C7A7FEA54F5311CA2CBB /* Cocoa.framework */,
			);
			name = "Linked Frameworks";
			sourceTree = "<group>";
		};
		1058C7A8FEA54F5311CA2CBB /* Other Frameworks */ = {
			isa = PBXGroup;
			children = (
				2A37F4C4FDCFA73011CA2CEA /* AppKit.framework */,
				2A37F4C5FDCFA73011CA2CEA /* Foundation.framework */,
			);
			name = "Other Frameworks";
			sourceTree = "<group>";
		};
		19C28FB0FE9D524F11CA2CBB /* Products */ = {
			isa = PBXGroup;
			children = (
				8D15AC370486D014006FF6A4 /* Transcribbler.app */,
			);
			name = Products;
			sourceTree = "<group>";
		};
		2A37F4AAFDCFA73011CA2CEA /* Transcriptions */ = {
			isa = PBXGroup;
			children = (
				455BE3A31712430300DCAF5F /* Source */,
				2A37F4AFFDCFA73011CA2CEA /* Other Sources */,
				455BE3A51712461E00DCAF5F /* Resources */,
				2A37F4C3FDCFA73011CA2CEA /* Frameworks */,
				19C28FB0FE9D524F11CA2CBB /* Products */,
			);
			name = Transcriptions;
			sourceTree = "<group>";
		};
		2A37F4AFFDCFA73011CA2CEA /* Other Sources */ = {
			isa = PBXGroup;
			children = (
				457BFB021EA6816D00E24526 /* Transcribbler-Bridging-Header.h */,
				32DBCF750370BD2300C91783 /* Transcribbler_Prefix.pch */,
				45E95DC8171B4DBD008FEEE4 /* LICENSE */,
			);
			name = "Other Sources";
			sourceTree = "<group>";
		};
		2A37F4C3FDCFA73011CA2CEA /* Frameworks */ = {
			isa = PBXGroup;
			children = (
				457BFB071EA699AD00E24526 /* AVKit.framework */,
				1058C7A6FEA54F5311CA2CBB /* Linked Frameworks */,
				1058C7A8FEA54F5311CA2CBB /* Other Frameworks */,
			);
			name = Frameworks;
			sourceTree = "<group>";
		};
		455BE3A21712426A00DCAF5F /* Model */ = {
			isa = PBXGroup;
			children = (
				455BE3941711F89A00DCAF5F /* AbbrevBase.h */,
				455BE3951711F89A00DCAF5F /* AbbrevBase.m */,
				455BE3971711F8C700DCAF5F /* AbbrevEntry.h */,
				455BE3981711F8C700DCAF5F /* AbbrevEntry.m */,
				455BE39D1711FDB000DCAF5F /* AbbrevListDocument.h */,
				455BE39E1711FDB000DCAF5F /* AbbrevListDocument.m */,
				457BFB031EA6816D00E24526 /* AbbrevBase.swift */,
				457BFB051EA681EC00E24526 /* AbbrevEntry.swift */,
			);
			path = Model;
			sourceTree = "<group>";
		};
		455BE3A31712430300DCAF5F /* Source */ = {
			isa = PBXGroup;
			children = (
				455BE3A41712452000DCAF5F /* Application */,
				455BE3A21712426A00DCAF5F /* Model */,
				639E92AD0E4D0B7F0006FDEE /* Controllers */,
				639E92AC0E4D0B5C0006FDEE /* Views */,
			);
			path = Source;
			sourceTree = "<group>";
		};
		455BE3A41712452000DCAF5F /* Application */ = {
			isa = PBXGroup;
			children = (
				2A37F4B0FDCFA73011CA2CEA /* main.m */,
				63C8682A0DDA097500DC3670 /* TransTextDocument.h */,
				63C8682B0DDA097500DC3670 /* TransTextDocument.m */,
				453833C21710D807005C1637 /* AbbrevParser.h */,
				453833C31710D807005C1637 /* AbbrevParser.m */,
				453833C51710D841005C1637 /* AbbrevResolver.h */,
				451579BB171129A900BC08AA /* AbbrevResolverImpl.h */,
				453833C61710D841005C1637 /* AbbrevResolverImpl.m */,
				455BE409171259DB00DCAF5F /* AppDelegate.h */,
				455BE40A171259DB00DCAF5F /* AppDelegate.m */,
			);
			path = Application;
			sourceTree = "<group>";
		};
		455BE3A51712461E00DCAF5F /* Resources */ = {
			isa = PBXGroup;
			children = (
				455BE3BC1712467C00DCAF5F /* AbbrevListDocument.xib */,
				455BE3BE1712467C00DCAF5F /* English.lproj */,
				455BE3C71712467C00DCAF5F /* Info.plist */,
			);
			path = Resources;
			sourceTree = "<group>";
		};
		455BE3BE1712467C00DCAF5F /* English.lproj */ = {
			isa = PBXGroup;
			children = (
				4525340D1724A5BB00E6D805 /* TransTextDocument.xib */,
				4591D49C17246EB100BC713B /* AbbrevDrawerView.xib */,
				4591D48D1723482100BC713B /* MediaDrawerView.xib */,
				45FD2E8C1719E1D400D0204F /* AbbrevListView.xib */,
				455BE3BF1712467C00DCAF5F /* Credits.rtf */,
				455BE3C11712467C00DCAF5F /* InfoPlist.strings */,
				455BE40617124D5400DCAF5F /* Menus.xib */,
				45FD2E93171A1F6700D0204F /* Localizable.strings */,
			);
			path = English.lproj;
			sourceTree = "<group>";
		};
		639E92AC0E4D0B5C0006FDEE /* Views */ = {
			isa = PBXGroup;
			children = (
				63C868300DDA098500DC3670 /* TransTextView.h */,
				63C868310DDA098500DC3670 /* TransTextView.m */,
				451579BC1711471F00BC08AA /* AbbrevTableViewDelegate.h */,
				451579BD1711471F00BC08AA /* AbbrevTableViewDelegate.m */,
				451579BF1711564500BC08AA /* HandyTableView.h */,
				451579C01711564500BC08AA /* HandyTableView.m */,
				459A3DDF171B46AD00EC447A /* StackingView.h */,
				459A3DE0171B46AD00EC447A /* StackingView.m */,
				4591D48617232EC200BC713B /* DisclosureView.h */,
				4591D48717232EC200BC713B /* DisclosureView.m */,
				4591D4901723834600BC713B /* ViewSizeLimits.h */,
				4560D3DE172E066E002BCDA6 /* NonKeyboardingAVPlayerView.h */,
				4560D3DF172E066E002BCDA6 /* NonKeyboardingAVPlayerView.m */,
			);
			name = Views;
			path = ..;
			sourceTree = "<group>";
		};
		639E92AD0E4D0B7F0006FDEE /* Controllers */ = {
			isa = PBXGroup;
			children = (
				63C8682D0DDA097B00DC3670 /* AbbrevArrayController.h */,
				63C8682E0DDA097B00DC3670 /* AbbrevArrayController.m */,
				4591D49917246DF700BC713B /* AbbrevsController.h */,
				4591D49A17246DF700BC713B /* AbbrevsController.m */,
				4591D48A172345D100BC713B /* MediaController.h */,
				4591D48B172345D100BC713B /* MediaController.m */,
				45E95DE2171B65B5008FEEE4 /* TransTextWindowController.h */,
				45E95DE3171B65B5008FEEE4 /* TransTextWindowController.m */,
			);
			path = Controllers;
			sourceTree = "<group>";
		};
/* End PBXGroup section */

/* Begin PBXNativeTarget section */
		8D15AC270486D014006FF6A4 /* Transcribbler */ = {
			isa = PBXNativeTarget;
			buildConfigurationList = C05733C708A9546B00998B17 /* Build configuration list for PBXNativeTarget "Transcribbler" */;
			buildPhases = (
				8D15AC2B0486D014006FF6A4 /* Resources */,
				8D15AC300486D014006FF6A4 /* Sources */,
				8D15AC330486D014006FF6A4 /* Frameworks */,
				633427C30DEC4B2D006B3188 /* CopyFiles */,
			);
			buildRules = (
			);
			dependencies = (
			);
			name = Transcribbler;
			productInstallPath = "$(HOME)/Applications";
			productName = Transcriptions;
			productReference = 8D15AC370486D014006FF6A4 /* Transcribbler.app */;
			productType = "com.apple.product-type.application";
		};
/* End PBXNativeTarget section */

/* Begin PBXProject section */
		2A37F4A9FDCFA73011CA2CEA /* Project object */ = {
			isa = PBXProject;
			attributes = {
				LastUpgradeCheck = 0800;
				TargetAttributes = {
					8D15AC270486D014006FF6A4 = {
						LastSwiftMigration = 0800;
					};
				};
			};
			buildConfigurationList = C05733CB08A9546B00998B17 /* Build configuration list for PBXProject "Transcribbler" */;
			compatibilityVersion = "Xcode 3.2";
			developmentRegion = English;
			hasScannedForEncodings = 1;
			knownRegions = (
				en,
				English,
			);
			mainGroup = 2A37F4AAFDCFA73011CA2CEA /* Transcriptions */;
			projectDirPath = "";
			projectRoot = "";
			targets = (
				8D15AC270486D014006FF6A4 /* Transcribbler */,
			);
		};
/* End PBXProject section */

/* Begin PBXResourcesBuildPhase section */
		8D15AC2B0486D014006FF6A4 /* Resources */ = {
			isa = PBXResourcesBuildPhase;
			buildActionMask = 2147483647;
			files = (
				455BE3DB1712467C00DCAF5F /* AbbrevListDocument.xib in Resources */,
				455BE3DD1712467C00DCAF5F /* Credits.rtf in Resources */,
				455BE3DE1712467C00DCAF5F /* InfoPlist.strings in Resources */,
				455BE40817124D5400DCAF5F /* Menus.xib in Resources */,
				45FD2E8E1719E1D400D0204F /* AbbrevListView.xib in Resources */,
				45FD2E95171A1F6700D0204F /* Localizable.strings in Resources */,
				45E95DC9171B4DBD008FEEE4 /* LICENSE in Resources */,
				4591D48F1723482100BC713B /* MediaDrawerView.xib in Resources */,
				4591D49E17246EB100BC713B /* AbbrevDrawerView.xib in Resources */,
				4525340F1724A5BB00E6D805 /* TransTextDocument.xib in Resources */,
			);
			runOnlyForDeploymentPostprocessing = 0;
		};
/* End PBXResourcesBuildPhase section */

/* Begin PBXSourcesBuildPhase section */
		8D15AC300486D014006FF6A4 /* Sources */ = {
			isa = PBXSourcesBuildPhase;
			buildActionMask = 2147483647;
			files = (
				8D15AC320486D014006FF6A4 /* main.m in Sources */,
				63C8682C0DDA097500DC3670 /* TransTextDocument.m in Sources */,
				63C8682F0DDA097B00DC3670 /* AbbrevArrayController.m in Sources */,
				63C868320DDA098500DC3670 /* TransTextView.m in Sources */,
				453833C41710D807005C1637 /* AbbrevParser.m in Sources */,
				453833C71710D841005C1637 /* AbbrevResolverImpl.m in Sources */,
				451579BE1711471F00BC08AA /* AbbrevTableViewDelegate.m in Sources */,
				451579C11711564500BC08AA /* HandyTableView.m in Sources */,
				455BE3961711F89A00DCAF5F /* AbbrevBase.m in Sources */,
				455BE3991711F8C700DCAF5F /* AbbrevEntry.m in Sources */,
				455BE3A01711FDB100DCAF5F /* AbbrevListDocument.m in Sources */,
				455BE40B171259DB00DCAF5F /* AppDelegate.m in Sources */,
				459A3DE2171B46BB00EC447A /* StackingView.m in Sources */,
				45E95DE4171B65B5008FEEE4 /* TransTextWindowController.m in Sources */,
				4591D48817232EC200BC713B /* DisclosureView.m in Sources */,
				4591D48C172345D100BC713B /* MediaController.m in Sources */,
				457BFB061EA681EC00E24526 /* AbbrevEntry.swift in Sources */,
				4591D49B17246DF700BC713B /* AbbrevsController.m in Sources */,
				457BFB041EA6816D00E24526 /* AbbrevBase.swift in Sources */,
				4560D3E0172E066E002BCDA6 /* NonKeyboardingAVPlayerView.m in Sources */,
			);
			runOnlyForDeploymentPostprocessing = 0;
		};
/* End PBXSourcesBuildPhase section */

/* Begin PBXVariantGroup section */
		4525340D1724A5BB00E6D805 /* TransTextDocument.xib */ = {
			isa = PBXVariantGroup;
			children = (
				4525340E1724A5BB00E6D805 /* English */,
			);
			name = TransTextDocument.xib;
			sourceTree = "<group>";
		};
		455BE3BF1712467C00DCAF5F /* Credits.rtf */ = {
			isa = PBXVariantGroup;
			children = (
				455BE3C01712467C00DCAF5F /* English */,
			);
			name = Credits.rtf;
			sourceTree = "<group>";
		};
		455BE3C11712467C00DCAF5F /* InfoPlist.strings */ = {
			isa = PBXVariantGroup;
			children = (
				455BE3C21712467C00DCAF5F /* English */,
			);
			name = InfoPlist.strings;
			sourceTree = "<group>";
		};
		455BE40617124D5400DCAF5F /* Menus.xib */ = {
			isa = PBXVariantGroup;
			children = (
				455BE40717124D5400DCAF5F /* English */,
			);
			name = Menus.xib;
			sourceTree = "<group>";
		};
		4591D48D1723482100BC713B /* MediaDrawerView.xib */ = {
			isa = PBXVariantGroup;
			children = (
				4591D48E1723482100BC713B /* English */,
			);
			name = MediaDrawerView.xib;
			sourceTree = "<group>";
		};
		4591D49C17246EB100BC713B /* AbbrevDrawerView.xib */ = {
			isa = PBXVariantGroup;
			children = (
				4591D49D17246EB100BC713B /* English */,
			);
			name = AbbrevDrawerView.xib;
			sourceTree = "<group>";
		};
		45FD2E8C1719E1D400D0204F /* AbbrevListView.xib */ = {
			isa = PBXVariantGroup;
			children = (
				45FD2E8D1719E1D400D0204F /* English */,
			);
			name = AbbrevListView.xib;
			sourceTree = "<group>";
		};
		45FD2E93171A1F6700D0204F /* Localizable.strings */ = {
			isa = PBXVariantGroup;
			children = (
				45FD2E94171A1F6700D0204F /* English */,
			);
			name = Localizable.strings;
			sourceTree = "<group>";
		};
/* End PBXVariantGroup section */

/* Begin XCBuildConfiguration section */
		C05733C808A9546B00998B17 /* Debug */ = {
			isa = XCBuildConfiguration;
			buildSettings = {
				ALWAYS_SEARCH_USER_PATHS = NO;
				CLANG_ENABLE_MODULES = YES;
				COMBINE_HIDPI_IMAGES = YES;
				COPY_PHASE_STRIP = NO;
				FRAMEWORK_SEARCH_PATHS = "$(inherited)";
				GCC_DYNAMIC_NO_PIC = NO;
				GCC_MODEL_TUNING = G5;
				GCC_OPTIMIZATION_LEVEL = 0;
				GCC_PRECOMPILE_PREFIX_HEADER = YES;
				GCC_PREFIX_HEADER = Transcribbler_Prefix.pch;
				INFOPLIST_FILE = "$(SRCROOT)/Resources/Info.plist";
				INSTALL_PATH = "$(HOME)/Applications";
				LD_RUNPATH_SEARCH_PATHS = "$(inherited) @executable_path/../Frameworks";
				MACOSX_DEPLOYMENT_TARGET = 10.9;
				PRODUCT_BUNDLE_IDENTIFIER = net.errorbar.transcribbler;
				PRODUCT_NAME = Transcribbler;
				SDKROOT = macosx;
				SWIFT_OBJC_BRIDGING_HEADER = "Source/Model/Transcribbler-Bridging-Header.h";
				SWIFT_OPTIMIZATION_LEVEL = "-Onone";
				SWIFT_VERSION = 3.0;
			};
			name = Debug;
		};
		C05733C908A9546B00998B17 /* Release */ = {
			isa = XCBuildConfiguration;
			buildSettings = {
				ALWAYS_SEARCH_USER_PATHS = NO;
				CLANG_ENABLE_MODULES = YES;
				COMBINE_HIDPI_IMAGES = YES;
				DEBUG_INFORMATION_FORMAT = "dwarf-with-dsym";
				FRAMEWORK_SEARCH_PATHS = "$(inherited)";
				GCC_MODEL_TUNING = G5;
				GCC_PRECOMPILE_PREFIX_HEADER = YES;
				GCC_PREFIX_HEADER = Transcribbler_Prefix.pch;
				INFOPLIST_FILE = "$(SRCROOT)/Resources/Info.plist";
				INSTALL_PATH = "$(HOME)/Applications";
				LD_RUNPATH_SEARCH_PATHS = "$(inherited) @executable_path/../Frameworks";
				MACOSX_DEPLOYMENT_TARGET = 10.9;
				PRODUCT_BUNDLE_IDENTIFIER = net.errorbar.transcribbler;
				PRODUCT_NAME = Transcribbler;
				SDKROOT = macosx;
				SWIFT_OBJC_BRIDGING_HEADER = "Source/Model/Transcribbler-Bridging-Header.h";
				SWIFT_VERSION = 3.0;
			};
			name = Release;
		};
		C05733CC08A9546B00998B17 /* Debug */ = {
			isa = XCBuildConfiguration;
			buildSettings = {
				ALWAYS_SEARCH_USER_PATHS = NO;
				CLANG_ANALYZER_LOCALIZABILITY_NONLOCALIZED = YES;
				CLANG_WARN_BOOL_CONVERSION = YES;
				CLANG_WARN_CONSTANT_CONVERSION = YES;
				CLANG_WARN_EMPTY_BODY = YES;
				CLANG_WARN_ENUM_CONVERSION = YES;
				CLANG_WARN_INFINITE_RECURSION = YES;
				CLANG_WARN_INT_CONVERSION = YES;
				CLANG_WARN_SUSPICIOUS_MOVE = YES;
				CLANG_WARN_UNREACHABLE_CODE = YES;
				CLANG_WARN__DUPLICATE_METHOD_MATCH = YES;
				ENABLE_STRICT_OBJC_MSGSEND = YES;
				ENABLE_TESTABILITY = YES;
				GCC_C_LANGUAGE_STANDARD = c99;
				GCC_NO_COMMON_BLOCKS = YES;
				GCC_OPTIMIZATION_LEVEL = 0;
				GCC_WARN_64_TO_32_BIT_CONVERSION = YES;
				GCC_WARN_ABOUT_RETURN_TYPE = YES;
				GCC_WARN_UNDECLARED_SELECTOR = YES;
				GCC_WARN_UNINITIALIZED_AUTOS = YES;
				GCC_WARN_UNUSED_FUNCTION = YES;
				GCC_WARN_UNUSED_VARIABLE = YES;
				MACOSX_DEPLOYMENT_TARGET = 10.6;
				ONLY_ACTIVE_ARCH = YES;
				SDKROOT = macosx;
			};
			name = Debug;
		};
		C05733CD08A9546B00998B17 /* Release */ = {
			isa = XCBuildConfiguration;
			buildSettings = {
				ALWAYS_SEARCH_USER_PATHS = NO;
				CLANG_ANALYZER_LOCALIZABILITY_NONLOCALIZED = YES;
				CLANG_WARN_BOOL_CONVERSION = YES;
				CLANG_WARN_CONSTANT_CONVERSION = YES;
				CLANG_WARN_EMPTY_BODY = YES;
				CLANG_WARN_ENUM_CONVERSION = YES;
				CLANG_WARN_INFINITE_RECURSION = YES;
				CLANG_WARN_INT_CONVERSION = YES;
				CLANG_WARN_SUSPICIOUS_MOVE = YES;
				CLANG_WARN_UNREACHABLE_CODE = YES;
				CLANG_WARN__DUPLICATE_METHOD_MATCH = YES;
				ENABLE_STRICT_OBJC_MSGSEND = YES;
				GCC_C_LANGUAGE_STANDARD = c99;
				GCC_NO_COMMON_BLOCKS = YES;
				GCC_WARN_64_TO_32_BIT_CONVERSION = YES;
				GCC_WARN_ABOUT_RETURN_TYPE = YES;
				GCC_WARN_UNDECLARED_SELECTOR = YES;
				GCC_WARN_UNINITIALIZED_AUTOS = YES;
				GCC_WARN_UNUSED_FUNCTION = YES;
				GCC_WARN_UNUSED_VARIABLE = YES;
				MACOSX_DEPLOYMENT_TARGET = 10.6;
				SDKROOT = macosx;
				SWIFT_OPTIMIZATION_LEVEL = "-Owholemodule";
			};
			name = Release;
		};
/* End XCBuildConfiguration section */

/* Begin XCConfigurationList section */
		C05733C708A9546B00998B17 /* Build configuration list for PBXNativeTarget "Transcribbler" */ = {
			isa = XCConfigurationList;
			buildConfigurations = (
				C05733C808A9546B00998B17 /* Debug */,
				C05733C908A9546B00998B17 /* Release */,
			);
			defaultConfigurationIsVisible = 0;
			defaultConfigurationName = Release;
		};
		C05733CB08A9546B00998B17 /* Build configuration list for PBXProject "Transcribbler" */ = {
			isa = XCConfigurationList;
			buildConfigurations = (
				C05733CC08A9546B00998B17 /* Debug */,
				C05733CD08A9546B00998B17 /* Release */,
			);
			defaultConfigurationIsVisible = 0;
			defaultConfigurationName = Release;
		};
/* End XCConfigurationList section */
	};
	rootObject = 2A37F4A9FDCFA73011CA2CEA /* Project object */;
}
